# Review artifact only. Not a Kubernetes object and not referenced by the
# candidate Kustomization.
qualificationDate: "2026-10-11"
paperclip:
  prerequisiteRepository: "SmadjaPaul/paperclip"
  prerequisitePullRequest: 15
  prerequisiteHead: "fdd83bcf3e23cc5633bbb7a1260bd05d601de76d"
  prerequisiteMergeCommit: "be721124bfd9dc8566d77b0e04a3c38dcc0db283"
  prerequisiteCiRun: 38092991455
  networkFixPullRequest: 16
  networkFixHead: "73c654e6eaabb07ef7594c6e53ccc70cb8318376"
  networkFixCiStatus: "pending"
  kindWorkflowRun: 38089528661
  imageWorkflowRun: 38090000606
  pluginPackage: "@paperclipai/plugin-kubernetes"
  # Registry metadata is retained only as a negative comparison. Operator
  # v0.19.1 does not install spec.plugins, so this package is not selected.
  npmVersion: "0.1.0"
  npmDistIntegrity: "sha512-kcjyuF/kOs+n7oYAVaUujRdVznDDA/bdDozsj5U1IVIG40TrJfGwiQEMi/Yk+jrplkYEkvD0bfbSZDdPHRxGpA=="
  npmDistShasum: "ef73de11726dfd0acd727142fcf44c0bc83fd08c"
  npmSelectionStatus: "not-selected-operator-does-not-install-spec.plugins"
  selectedBundle:
    source: "Paperclip image local bundle"
    autoInstallKey: "kubernetes"
    sourceCommit: "be721124bfd9dc8566d77b0e04a3c38dcc0db283"
    catalogPath: "/app/packages/plugins/sandbox-providers/kubernetes"
  manifestId: "paperclip.kubernetes-sandbox-provider"
  manifestVersion: "0.1.0-alpha.1"
  sandboxApiExpected: "agents.x-k8s.io/v1beta1"
  runtimeImage:
    adapterType: opencode_local
    repository: "ghcr.io/paperclipai/agent-runtime-opencode"
    observedTag: "git-38d8f371722b315d2fb3bbaa512518742e33ce2f"
    selectionStatus: "candidate-adapter-registry-override-static-proven"
    indexDigest: "sha256:06b207047eb2efcede3f5c85d493fbe976ad653a7fafe41cf6df76dd02e12ae6"
    amd64ManifestDigest: "sha256:349fc68e609998f1d9fc77f94208d50263368b49631f746a51f819917d9b0d2d"
    ociConfigDigest: "sha256:73dac4db0c58188fd71756e8e6696c2d3ec5bf4b1100c67b1a8c49dc8b47872c"
    imageConfigUser: null
    imageConfigEntrypoint: null
    imageConfigWorkingDirectory: null
    signatureManifestDigest: "sha256:ea7a3235f4940c3fe43b8c54e4da011c5fd164722ed147fe1cbfe729c26438cb"
    githubSlsaAttestation: "not-found (GitHub API 404; OCI bundle empty)"
    sourceCommit: "38d8f371722b315d2fb3bbaa512518742e33ce2f"
    workflowIdentity: "https://github.com/paperclipai/paperclip/.github/workflows/agent-runtime-images.yml@refs/heads/master"
    architecture: linux/amd64
    imageSelection:
      providerDefault: "ghcr.io/paperclipai/agent-runtime-opencode:v1"
      configAllowListField: imageAllowList
      acquirePathOverrideInput: null
      environmentOverrideField: PAPERCLIP_ADAPTERS[].runtimeImage
      environmentOverrideSource: candidate-paperclip-master-be721124
      immutableDigestReachability: observed-in-disposable-kind-not-live-operator
agentSandbox:
  repository: "https://github.com/kubernetes-sigs/agent-sandbox"
  selectedVersion: v1.0.5
  selectedReleaseAsset: "sandbox-with-extensions.yaml"
  selectedReleaseAssetSha256: "sha256:b150cb058c577c59c42b060ff7f22e31b5311ca80430db98129f1280a0e85970"
  controllerImage:
    reference: "registry.k8s.io/agent-sandbox/agent-sandbox-controller@sha256:dd92effc491e593aea41e19169683a09e1d1193d43f25204ba9fe1fbbc53ff8f"
    architecture: linux/amd64
  checkedVersions:
    - version: v0.5.6
      servedSandboxApis:
        - agents.x-k8s.io/v1alpha1
        - agents.x-k8s.io/v1beta1
      storageSandboxApi: agents.x-k8s.io/v1beta1
    - version: v1.0.5
      servedSandboxApis:
        - agents.x-k8s.io/v1beta1
      storageSandboxApi: agents.x-k8s.io/v1beta1
compatibility:
  sandboxCr: candidate-compatible-with-v1.0.5
  job: available-without-agent-sandbox-controller-but-insufficient-for-SMA-31-workspace-proof
  reason: >-
    Paperclip#11 and #14 target and runtime-test the single v1beta1 API served by Agent Sandbox v1.0.5.
    The older v0.5.6 release is not selected because it would require a
    separate alpha provider contract. Job mode lacks multi-command exec and
    native workspace sync. The 222-test Kind E2E and local image bundle were verified in CI, but live
    server/plugin integration, scoped LiteLLM key, GitHub PR and homelab
    installation remain blocked pending H3 and separate orchestrator approval.
